// !$*UTF8*$!
{
	archiveVersion = 1;
	classes = {
	};
	objectVersion = 46;
	objects = {

/* Begin PBXBuildFile section */
		5483B9B07F922E74578104C5 /* Pods_MoviesCatalog.framework in Frameworks */ = {isa = PBXBuildFile; fileRef = 844964C0D01183B1A85733AC /* Pods_MoviesCatalog.framework */; };
		A0B23C041DD150DB006379DE /* AppDelegate.swift in Sources */ = {isa = PBXBuildFile; fileRef = A0B23C031DD150DB006379DE /* AppDelegate.swift */; };
		A0B23C061DD150DB006379DE /* ViewController.swift in Sources */ = {isa = PBXBuildFile; fileRef = A0B23C051DD150DB006379DE /* ViewController.swift */; };
		A0B23C091DD150DB006379DE /* Main.storyboard in Resources */ = {isa = PBXBuildFile; fileRef = A0B23C071DD150DB006379DE /* Main.storyboard */; };
		A0B23C0B1DD150DB006379DE /* Assets.xcassets in Resources */ = {isa = PBXBuildFile; fileRef = A0B23C0A1DD150DB006379DE /* Assets.xcassets */; };
		A0B23C0E1DD150DB006379DE /* LaunchScreen.storyboard in Resources */ = {isa = PBXBuildFile; fileRef = A0B23C0C1DD150DB006379DE /* LaunchScreen.storyboard */; };
/* End PBXBuildFile section */

/* Begin PBXFileReference section */
		8206E32A243022B2BC5927BC /* Pods-MoviesCatalog.release.xcconfig */ = {isa = PBXFileReference; includeInIndex = 1; lastKnownFileType = text.xcconfig; name = "Pods-MoviesCatalog.release.xcconfig"; path = "Pods/Target Support Files/Pods-MoviesCatalog/Pods-MoviesCatalog.release.xcconfig"; sourceTree = "<group>"; };
		844964C0D01183B1A85733AC /* Pods_MoviesCatalog.framework */ = {isa = PBXFileReference; explicitFileType = wrapper.framework; includeInIndex = 0; path = Pods_MoviesCatalog.framework; sourceTree = BUILT_PRODUCTS_DIR; };
		A0B23C001DD150DB006379DE /* MoviesCatalog.app */ = {isa = PBXFileReference; explicitFileType = wrapper.application; includeInIndex = 0; path = MoviesCatalog.app; sourceTree = BUILT_PRODUCTS_DIR; };
		A0B23C031DD150DB006379DE /* AppDelegate.swift */ = {isa = PBXFileReference; lastKnownFileType = sourcecode.swift; path = AppDelegate.swift; sourceTree = "<group>"; };
		A0B23C051DD150DB006379DE /* ViewController.swift */ = {isa = PBXFileReference; lastKnownFileType = sourcecode.swift; path = ViewController.swift; sourceTree = "<group>"; };
		A0B23C081DD150DB006379DE /* Base */ = {isa = PBXFileReference; lastKnownFileType = file.storyboard; name = Base; path = Base.lproj/Main.storyboard; sourceTree = "<group>"; };
		A0B23C0A1DD150DB006379DE /* Assets.xcassets */ = {isa = PBXFileReference; lastKnownFileType = folder.assetcatalog; path = Assets.xcassets; sourceTree = "<group>"; };
		A0B23C0D1DD150DB006379DE /* Base */ = {isa = PBXFileReference; lastKnownFileType = file.storyboard; name = Base; path = Base.lproj/LaunchScreen.storyboard; sourceTree = "<group>"; };
		A0B23C0F1DD150DB006379DE /* Info.plist */ = {isa = PBXFileReference; lastKnownFileType = text.plist.xml; path = Info.plist; sourceTree = "<group>"; };
		D2E2D36EC50C34948D78635B /* Pods-MoviesCatalog.debug.xcconfig */ = {isa = PBXFileReference; includeInIndex = 1; lastKnownFileType = text.xcconfig; name = "Pods-MoviesCatalog.debug.xcconfig"; path = "Pods/Target Support Files/Pods-MoviesCatalog/Pods-MoviesCatalog.debug.xcconfig"; sourceTree = "<group>"; };
/* End PBXFileReference section */

/* Begin PBXFrameworksBuildPhase section */
		A0B23BFD1DD150DB006379DE /* Frameworks */ = {
			isa = PBXFrameworksBuildPhase;
			buildActionMask = 2147483647;
			files = (
				5483B9B07F922E74578104C5 /* Pods_MoviesCatalog.framework in Frameworks */,
			);
			runOnlyForDeploymentPostprocessing = 0;
		};
/* End PBXFrameworksBuildPhase section */

/* Begin PBXGroup section */
		6ED3B2D25D0C4D3A72162833 /* Pods */ = {
			isa = PBXGroup;
			children = (
				D2E2D36EC50C34948D78635B /* Pods-MoviesCatalog.debug.xcconfig */,
				8206E32A243022B2BC5927BC /* Pods-MoviesCatalog.release.xcconfig */,
			);
			name = Pods;
			sourceTree = "<group>";
		};
		A0528F6D1DD154FB003DF79A /* Models */ = {
			isa = PBXGroup;
			children = (
			);
			name = Models;
			sourceTree = "<group>";
		};
		A0528F6E1DD1550A003DF79A /* ViewControllers */ = {
			isa = PBXGroup;
			children = (
			);
			name = ViewControllers;
			sourceTree = "<group>";
		};
		A0528F6F1DD15515003DF79A /* Views */ = {
			isa = PBXGroup;
			children = (
			);
			name = Views;
			sourceTree = "<group>";
		};
		A0528F701DD1552D003DF79A /* Extensions */ = {
			isa = PBXGroup;
			children = (
			);
			name = Extensions;
			sourceTree = "<group>";
		};
		A0528F711DD15532003DF79A /* Networking */ = {
			isa = PBXGroup;
			children = (
			);
			name = Networking;
			sourceTree = "<group>";
		};
		A0B23BF71DD150DB006379DE = {
			isa = PBXGroup;
			children = (
				A0B23C021DD150DB006379DE /* MoviesCatalog */,
				A0B23C011DD150DB006379DE /* Products */,
				6ED3B2D25D0C4D3A72162833 /* Pods */,
				C49667DE656DC7797647F161 /* Frameworks */,
			);
			sourceTree = "<group>";
		};
		A0B23C011DD150DB006379DE /* Products */ = {
			isa = PBXGroup;
			children = (
				A0B23C001DD150DB006379DE /* MoviesCatalog.app */,
			);
			name = Products;
			sourceTree = "<group>";
		};
		A0B23C021DD150DB006379DE /* MoviesCatalog */ = {
			isa = PBXGroup;
			children = (
				A0528F711DD15532003DF79A /* Networking */,
				A0528F701DD1552D003DF79A /* Extensions */,
				A0528F6F1DD15515003DF79A /* Views */,
				A0528F6E1DD1550A003DF79A /* ViewControllers */,
				A0528F6D1DD154FB003DF79A /* Models */,
				A0B23C031DD150DB006379DE /* AppDelegate.swift */,
				A0B23C051DD150DB006379DE /* ViewController.swift */,
				A0B23C071DD150DB006379DE /* Main.storyboard */,
				A0B23C0A1DD150DB006379DE /* Assets.xcassets */,
				A0B23C0C1DD150DB006379DE /* LaunchScreen.storyboard */,
				A0B23C0F1DD150DB006379DE /* Info.plist */,
			);
			path = MoviesCatalog;
			sourceTree = "<group>";
		};
		C49667DE656DC7797647F161 /* Frameworks */ = {
			isa = PBXGroup;
			children = (
				844964C0D01183B1A85733AC /* Pods_MoviesCatalog.framework */,
			);
			name = Frameworks;
			sourceTree = "<group>";
		};
/* End PBXGroup section */

/* Begin PBXNativeTarget section */
		A0B23BFF1DD150DB006379DE /* MoviesCatalog */ = {
			isa = PBXNativeTarget;
			buildConfigurationList = A0B23C121DD150DB006379DE /* Build configuration list for PBXNativeTarget "MoviesCatalog" */;
			buildPhases = (
				A38DDE3210E6665468AE6D6F /* [CP] Check Pods Manifest.lock */,
				A0B23BFC1DD150DB006379DE /* Sources */,
				A0B23BFD1DD150DB006379DE /* Frameworks */,
				A0B23BFE1DD150DB006379DE /* Resources */,
				74AE94A15942D7426C63AAA5 /* [CP] Embed Pods Frameworks */,
				FF934E5FE8DD11C964A57BC2 /* [CP] Copy Pods Resources */,
			);
			buildRules = (
			);
			dependencies = (
			);
			name = MoviesCatalog;
			productName = MoviesCatalog;
			productReference = A0B23C001DD150DB006379DE /* MoviesCatalog.app */;
			productType = "com.apple.product-type.application";
		};
/* End PBXNativeTarget section */

/* Begin PBXProject section */
		A0B23BF81DD150DB006379DE /* Project object */ = {
			isa = PBXProject;
			attributes = {
				LastSwiftUpdateCheck = 0800;
				LastUpgradeCheck = 0800;
				ORGANIZATIONNAME = Domene;
				TargetAttributes = {
					A0B23BFF1DD150DB006379DE = {
						CreatedOnToolsVersion = 8.0;
						DevelopmentTeam = 8VWQC7JGT6;
						ProvisioningStyle = Automatic;
					};
				};
			};
			buildConfigurationList = A0B23BFB1DD150DB006379DE /* Build configuration list for PBXProject "MoviesCatalog" */;
			compatibilityVersion = "Xcode 3.2";
			developmentRegion = English;
			hasScannedForEncodings = 0;
			knownRegions = (
				en,
				Base,
			);
			mainGroup = A0B23BF71DD150DB006379DE;
			productRefGroup = A0B23C011DD150DB006379DE /* Products */;
			projectDirPath = "";
			projectRoot = "";
			targets = (
				A0B23BFF1DD150DB006379DE /* MoviesCatalog */,
			);
		};
/* End PBXProject section */

/* Begin PBXResourcesBuildPhase section */
		A0B23BFE1DD150DB006379DE /* Resources */ = {
			isa = PBXResourcesBuildPhase;
			buildActionMask = 2147483647;
			files = (
				A0B23C0E1DD150DB006379DE /* LaunchScreen.storyboard in Resources */,
				A0B23C0B1DD150DB006379DE /* Assets.xcassets in Resources */,
				A0B23C091DD150DB006379DE /* Main.storyboard in Resources */,
			);
			runOnlyForDeploymentPostprocessing = 0;
		};
/* End PBXResourcesBuildPhase section */

/* Begin PBXShellScriptBuildPhase section */
		74AE94A15942D7426C63AAA5 /* [CP] Embed Pods Frameworks */ = {
			isa = PBXShellScriptBuildPhase;
			buildActionMask = 2147483647;
			files = (
			);
			inputPaths = (
			);
			name = "[CP] Embed Pods Frameworks";
			outputPaths = (
			);
			runOnlyForDeploymentPostprocessing = 0;
			shellPath = /bin/sh;
			shellScript = "\"${SRCROOT}/Pods/Target Support Files/Pods-MoviesCatalog/Pods-MoviesCatalog-frameworks.sh\"\n";
			showEnvVarsInLog = 0;
		};
		A38DDE3210E6665468AE6D6F /* [CP] Check Pods Manifest.lock */ = {
			isa = PBXShellScriptBuildPhase;
			buildActionMask = 2147483647;
			files = (
			);
			inputPaths = (
			);
			name = "[CP] Check Pods Manifest.lock";
			outputPaths = (
			);
			runOnlyForDeploymentPostprocessing = 0;
			shellPath = /bin/sh;
			shellScript = "diff \"${PODS_ROOT}/../Podfile.lock\" \"${PODS_ROOT}/Manifest.lock\" > /dev/null\nif [ $? != 0 ] ; then\n    # print error to STDERR\n    echo \"error: The sandbox is not in sync with the Podfile.lock. Run 'pod install' or update your CocoaPods installation.\" >&2\n    exit 1\nfi\n";
			showEnvVarsInLog = 0;
		};
		FF934E5FE8DD11C964A57BC2 /* [CP] Copy Pods Resources */ = {
			isa = PBXShellScriptBuildPhase;
			buildActionMask = 2147483647;
			files = (
			);
			inputPaths = (
			);
			name = "[CP] Copy Pods Resources";
			outputPaths = (
			);
			runOnlyForDeploymentPostprocessing = 0;
			shellPath = /bin/sh;
			shellScript = "\"${SRCROOT}/Pods/Target Support Files/Pods-MoviesCatalog/Pods-MoviesCatalog-resources.sh\"\n";
			showEnvVarsInLog = 0;
		};
/* End PBXShellScriptBuildPhase section */

/* Begin PBXSourcesBuildPhase section */
		A0B23BFC1DD150DB006379DE /* Sources */ = {
			isa = PBXSourcesBuildPhase;
			buildActionMask = 2147483647;
			files = (
				A0B23C061DD150DB006379DE /* ViewController.swift in Sources */,
				A0B23C041DD150DB006379DE /* AppDelegate.swift in Sources */,
			);
			runOnlyForDeploymentPostprocessing = 0;
		};
/* End PBXSourcesBuildPhase section */

/* Begin PBXVariantGroup section */
		A0B23C071DD150DB006379DE /* Main.storyboard */ = {
			isa = PBXVariantGroup;
			children = (
				A0B23C081DD150DB006379DE /* Base */,
			);
			name = Main.storyboard;
			sourceTree = "<group>";
		};
		A0B23C0C1DD150DB006379DE /* LaunchScreen.storyboard */ = {
			isa = PBXVariantGroup;
			children = (
				A0B23C0D1DD150DB006379DE /* Base */,
			);
			name = LaunchScreen.storyboard;
			sourceTree = "<group>";
		};
/* End PBXVariantGroup section */

/* Begin XCBuildConfiguration section */
		A0B23C101DD150DB006379DE /* Debug */ = {
			isa = XCBuildConfiguration;
			buildSettings = {
				ALWAYS_SEARCH_USER_PATHS = NO;
				CLANG_ANALYZER_NONNULL = YES;
				CLANG_CXX_LANGUAGE_STANDARD = "gnu++0x";
				CLANG_CXX_LIBRARY = "libc++";
				CLANG_ENABLE_MODULES = YES;
				CLANG_ENABLE_OBJC_ARC = YES;
				CLANG_WARN_BOOL_CONVERSION = YES;
				CLANG_WARN_CONSTANT_CONVERSION = YES;
				CLANG_WARN_DIRECT_OBJC_ISA_USAGE = YES_ERROR;
				CLANG_WARN_DOCUMENTATION_COMMENTS = YES;
				CLANG_WARN_EMPTY_BODY = YES;
				CLANG_WARN_ENUM_CONVERSION = YES;
				CLANG_WARN_INFINITE_RECURSION = YES;
				CLANG_WARN_INT_CONVERSION = YES;
				CLANG_WARN_OBJC_ROOT_CLASS = YES_ERROR;
				CLANG_WARN_SUSPICIOUS_MOVE = YES;
				CLANG_WARN_SUSPICIOUS_MOVES = YES;
				CLANG_WARN_UNREACHABLE_CODE = YES;
				CLANG_WARN__DUPLICATE_METHOD_MATCH = YES;
				"CODE_SIGN_IDENTITY[sdk=iphoneos*]" = "iPhone Developer";
				COPY_PHASE_STRIP = NO;
				DEBUG_INFORMATION_FORMAT = dwarf;
				ENABLE_STRICT_OBJC_MSGSEND = YES;
				ENABLE_TESTABILITY = YES;
				GCC_C_LANGUAGE_STANDARD = gnu99;
				GCC_DYNAMIC_NO_PIC = NO;
				GCC_NO_COMMON_BLOCKS = YES;
				GCC_OPTIMIZATION_LEVEL = 0;
				GCC_PREPROCESSOR_DEFINITIONS = (
					"DEBUG=1",
					"$(inherited)",
				);
				GCC_WARN_64_TO_32_BIT_CONVERSION = YES;
				GCC_WARN_ABOUT_RETURN_TYPE = YES_ERROR;
				GCC_WARN_UNDECLARED_SELECTOR = YES;
				GCC_WARN_UNINITIALIZED_AUTOS = YES_AGGRESSIVE;
				GCC_WARN_UNUSED_FUNCTION = YES;
				GCC_WARN_UNUSED_VARIABLE = YES;
				IPHONEOS_DEPLOYMENT_TARGET = 10.0;
				MTL_ENABLE_DEBUG_INFO = YES;
				ONLY_ACTIVE_ARCH = YES;
				SDKROOT = iphoneos;
				SWIFT_ACTIVE_COMPILATION_CONDITIONS = DEBUG;
				SWIFT_OPTIMIZATION_LEVEL = "-Onone";
				TARGETED_DEVICE_FAMILY = "1,2";
			};
			name = Debug;
		};
		A0B23C111DD150DB006379DE /* Release */ = {
			isa = XCBuildConfiguration;
			buildSettings = {
				ALWAYS_SEARCH_USER_PATHS = NO;
				CLANG_ANALYZER_NONNULL = YES;
				CLANG_CXX_LANGUAGE_STANDARD = "gnu++0x";
				CLANG_CXX_LIBRARY = "libc++";
				CLANG_ENABLE_MODULES = YES;
				CLANG_ENABLE_OBJC_ARC = YES;
				CLANG_WARN_BOOL_CONVERSION = YES;
				CLANG_WARN_CONSTANT_CONVERSION = YES;
				CLANG_WARN_DIRECT_OBJC_ISA_USAGE = YES_ERROR;
				CLANG_WARN_DOCUMENTATION_COMMENTS = YES;
				CLANG_WARN_EMPTY_BODY = YES;
				CLANG_WARN_ENUM_CONVERSION = YES;
				CLANG_WARN_INFINITE_RECURSION = YES;
				CLANG_WARN_INT_CONVERSION = YES;
				CLANG_WARN_OBJC_ROOT_CLASS = YES_ERROR;
				CLANG_WARN_SUSPICIOUS_MOVE = YES;
				CLANG_WARN_SUSPICIOUS_MOVES = YES;
				CLANG_WARN_UNREACHABLE_CODE = YES;
				CLANG_WARN__DUPLICATE_METHOD_MATCH = YES;
				"CODE_SIGN_IDENTITY[sdk=iphoneos*]" = "iPhone Developer";
				COPY_PHASE_STRIP = NO;
				DEBUG_INFORMATION_FORMAT = "dwarf-with-dsym";
				ENABLE_NS_ASSERTIONS = NO;
				ENABLE_STRICT_OBJC_MSGSEND = YES;
				GCC_C_LANGUAGE_STANDARD = gnu99;
				GCC_NO_COMMON_BLOCKS = YES;
				GCC_WARN_64_TO_32_BIT_CONVERSION = YES;
				GCC_WARN_ABOUT_RETURN_TYPE = YES_ERROR;
				GCC_WARN_UNDECLARED_SELECTOR = YES;
				GCC_WARN_UNINITIALIZED_AUTOS = YES_AGGRESSIVE;
				GCC_WARN_UNUSED_FUNCTION = YES;
				GCC_WARN_UNUSED_VARIABLE = YES;
				IPHONEOS_DEPLOYMENT_TARGET = 10.0;
				MTL_ENABLE_DEBUG_INFO = NO;
				SDKROOT = iphoneos;
				SWIFT_OPTIMIZATION_LEVEL = "-Owholemodule";
				TARGETED_DEVICE_FAMILY = "1,2";
				VALIDATE_PRODUCT = YES;
			};
			name = Release;
		};
		A0B23C131DD150DB006379DE /* Debug */ = {
			isa = XCBuildConfiguration;
			baseConfigurationReference = D2E2D36EC50C34948D78635B /* Pods-MoviesCatalog.debug.xcconfig */;
			buildSettings = {
				ALWAYS_EMBED_SWIFT_STANDARD_LIBRARIES = YES;
				ASSETCATALOG_COMPILER_APPICON_NAME = AppIcon;
				DEVELOPMENT_TEAM = 8VWQC7JGT6;
				INFOPLIST_FILE = MoviesCatalog/Info.plist;
				LD_RUNPATH_SEARCH_PATHS = "$(inherited) @executable_path/Frameworks";
				PRODUCT_BUNDLE_IDENTIFIER = com.domene.MoviesCatalog;
				PRODUCT_NAME = "$(TARGET_NAME)";
				SWIFT_VERSION = 3.0;
			};
			name = Debug;
		};
		A0B23C141DD150DB006379DE /* Release */ = {
			isa = XCBuildConfiguration;
			baseConfigurationReference = 8206E32A243022B2BC5927BC /* Pods-MoviesCatalog.release.xcconfig */;
			buildSettings = {
				ALWAYS_EMBED_SWIFT_STANDARD_LIBRARIES = YES;
				ASSETCATALOG_COMPILER_APPICON_NAME = AppIcon;
				DEVELOPMENT_TEAM = 8VWQC7JGT6;
				INFOPLIST_FILE = MoviesCatalog/Info.plist;
				LD_RUNPATH_SEARCH_PATHS = "$(inherited) @executable_path/Frameworks";
				PRODUCT_BUNDLE_IDENTIFIER = com.domene.MoviesCatalog;
				PRODUCT_NAME = "$(TARGET_NAME)";
				SWIFT_VERSION = 3.0;
			};
			name = Release;
		};
/* End XCBuildConfiguration section */

/* Begin XCConfigurationList section */
		A0B23BFB1DD150DB006379DE /* Build configuration list for PBXProject "MoviesCatalog" */ = {
			isa = XCConfigurationList;
			buildConfigurations = (
				A0B23C101DD150DB006379DE /* Debug */,
				A0B23C111DD150DB006379DE /* Release */,
			);
			defaultConfigurationIsVisible = 0;
			defaultConfigurationName = Release;
		};
		A0B23C121DD150DB006379DE /* Build configuration list for PBXNativeTarget "MoviesCatalog" */ = {
			isa = XCConfigurationList;
			buildConfigurations = (
				A0B23C131DD150DB006379DE /* Debug */,
				A0B23C141DD150DB006379DE /* Release */,
			);
			defaultConfigurationIsVisible = 0;
			defaultConfigurationName = Release;
		};
/* End XCConfigurationList section */
	};
	rootObject = A0B23BF81DD150DB006379DE /* Project object */;
}
